
Microsoft Visual Studio Solution File, Format Version 12.00
# Visual Studio Version 18
VisualStudioVersion = 18.4.11519.219
MinimumVisualStudioVersion = 10.0.40219.1
Project("{FAE04EC0-301F-11D3-BF4B-00C04F79EFBC}") = "ModernUwpDesigner", "ModernUwpDesigner\ModernUwpDesigner.csproj", "{92366324-E39A-4EC4-97BE-75961D6933E7}"
EndProject
Project("{FAE04EC0-301F-11D3-BF4B-00C04F79EFBC}") = "ModernUwpDesigner.UwpDesignerHost", "ModernUwpDesigner.UwpDesignerHost\ModernUwpDesigner.UwpDesignerHost.csproj", "{05A5B194-533C-0EF8-6C47-FC78CBBC1320}"
EndProject
Project("{FAE04EC0-301F-11D3-BF4B-00C04F79EFBC}") = "ModernUwpDesigner.XSurfUwp", "ModernUwpDesigner.XSurfUwp\ModernUwpDesigner.XSurfUwp.csproj", "{03E63301-9F94-405A-B552-145B73C04560}"
EndProject
Project("{2150E333-8FDC-42A3-9474-1A3956D46DE8}") = "Solution Items", "Solution Items", "{8EC462FD-D22E-90A8-E5CE-7E832BA40C5D}"
	ProjectSection(SolutionItems) = preProject
		README.md = README.md
	EndProjectSection
EndProject
Project("{D954291E-2A0B-460D-934E-DC6B0785DB48}") = "ModernUwpDesigner.Shared", "ModernUwpDesigner.Shared\ModernUwpDesigner.Shared.shproj", "{94B68519-D6FB-431F-ACAA-39E657CACC1A}"
EndProject
Global
	GlobalSection(SolutionConfigurationPlatforms) = preSolution
		Debug|Any CPU = Debug|Any CPU
		Debug|arm64 = Debug|arm64
		Debug|x64 = Debug|x64
		Debug|x86 = Debug|x86
		Release|Any CPU = Release|Any CPU
		Release|arm64 = Release|arm64
		Release|x64 = Release|x64
		Release|x86 = Release|x86
	EndGlobalSection
	GlobalSection(ProjectConfigurationPlatforms) = postSolution
		{92366324-E39A-4EC4-97BE-75961D6933E7}.Debug|Any CPU.ActiveCfg = Debug|Any CPU
		{92366324-E39A-4EC4-97BE-75961D6933E7}.Debug|Any CPU.Build.0 = Debug|Any CPU
		{92366324-E39A-4EC4-97BE-75961D6933E7}.Debug|arm64.ActiveCfg = Debug|arm64
		{92366324-E39A-4EC4-97BE-75961D6933E7}.Debug|arm64.Build.0 = Debug|arm64
		{92366324-E39A-4EC4-97BE-75961D6933E7}.Debug|x64.ActiveCfg = Debug|x64
		{92366324-E39A-4EC4-97BE-75961D6933E7}.Debug|x64.Build.0 = Debug|x64
		{92366324-E39A-4EC4-97BE-75961D6933E7}.Debug|x86.ActiveCfg = Debug|x86
		{92366324-E39A-4EC4-97BE-75961D6933E7}.Debug|x86.Build.0 = Debug|x86
		{92366324-E39A-4EC4-97BE-75961D6933E7}.Release|Any CPU.ActiveCfg = Release|Any CPU
		{92366324-E39A-4EC4-97BE-75961D6933E7}.Release|Any CPU.Build.0 = Release|Any CPU
		{92366324-E39A-4EC4-97BE-75961D6933E7}.Release|arm64.ActiveCfg = Release|arm64
		{92366324-E39A-4EC4-97BE-75961D6933E7}.Release|arm64.Build.0 = Release|arm64
		{92366324-E39A-4EC4-97BE-75961D6933E7}.Release|x64.ActiveCfg = Release|Any CPU
		{92366324-E39A-4EC4-97BE-75961D6933E7}.Release|x64.Build.0 = Release|Any CPU
		{92366324-E39A-4EC4-97BE-75961D6933E7}.Release|x86.ActiveCfg = Release|x86
		{92366324-E39A-4EC4-97BE-75961D6933E7}.Release|x86.Build.0 = Release|x86
		{05A5B194-533C-0EF8-6C47-FC78CBBC1320}.Debug|Any CPU.ActiveCfg = Debug|Any CPU
		{05A5B194-533C-0EF8-6C47-FC78CBBC1320}.Debug|Any CPU.Build.0 = Debug|Any CPU
		{05A5B194-533C-0EF8-6C47-FC78CBBC1320}.Debug|arm64.ActiveCfg = Debug|Any CPU
		{05A5B194-533C-0EF8-6C47-FC78CBBC1320}.Debug|arm64.Build.0 = Debug|Any CPU
		{05A5B194-533C-0EF8-6C47-FC78CBBC1320}.Debug|x64.ActiveCfg = Debug|Any CPU
		{05A5B194-533C-0EF8-6C47-FC78CBBC1320}.Debug|x64.Build.0 = Debug|Any CPU
		{05A5B194-533C-0EF8-6C47-FC78CBBC1320}.Debug|x86.ActiveCfg = Debug|Any CPU
		{05A5B194-533C-0EF8-6C47-FC78CBBC1320}.Debug|x86.Build.0 = Debug|Any CPU
		{05A5B194-533C-0EF8-6C47-FC78CBBC1320}.Release|Any CPU.ActiveCfg = Release|Any CPU
		{05A5B194-533C-0EF8-6C47-FC78CBBC1320}.Release|Any CPU.Build.0 = Release|Any CPU
		{05A5B194-533C-0EF8-6C47-FC78CBBC1320}.Release|arm64.ActiveCfg = Release|Any CPU
		{05A5B194-533C-0EF8-6C47-FC78CBBC1320}.Release|arm64.Build.0 = Release|Any CPU
		{05A5B194-533C-0EF8-6C47-FC78CBBC1320}.Release|x64.ActiveCfg = Release|x64
		{05A5B194-533C-0EF8-6C47-FC78CBBC1320}.Release|x64.Build.0 = Release|x64
		{05A5B194-533C-0EF8-6C47-FC78CBBC1320}.Release|x86.ActiveCfg = Release|Any CPU
		{05A5B194-533C-0EF8-6C47-FC78CBBC1320}.Release|x86.Build.0 = Release|Any CPU
		{03E63301-9F94-405A-B552-145B73C04560}.Debug|Any CPU.ActiveCfg = Debug|x64
		{03E63301-9F94-405A-B552-145B73C04560}.Debug|Any CPU.Build.0 = Debug|x64
		{03E63301-9F94-405A-B552-145B73C04560}.Debug|Any CPU.Deploy.0 = Debug|x64
		{03E63301-9F94-405A-B552-145B73C04560}.Debug|arm64.ActiveCfg = Debug|arm64
		{03E63301-9F94-405A-B552-145B73C04560}.Debug|arm64.Build.0 = Debug|arm64
		{03E63301-9F94-405A-B552-145B73C04560}.Debug|arm64.Deploy.0 = Debug|arm64
		{03E63301-9F94-405A-B552-145B73C04560}.Debug|x64.ActiveCfg = Debug|x64
		{03E63301-9F94-405A-B552-145B73C04560}.Debug|x64.Build.0 = Debug|x64
		{03E63301-9F94-405A-B552-145B73C04560}.Debug|x64.Deploy.0 = Debug|x64
		{03E63301-9F94-405A-B552-145B73C04560}.Debug|x86.ActiveCfg = Debug|x86
		{03E63301-9F94-405A-B552-145B73C04560}.Debug|x86.Build.0 = Debug|x86
		{03E63301-9F94-405A-B552-145B73C04560}.Debug|x86.Deploy.0 = Debug|x86
		{03E63301-9F94-405A-B552-145B73C04560}.Release|Any CPU.ActiveCfg = Release|x64
		{03E63301-9F94-405A-B552-145B73C04560}.Release|Any CPU.Build.0 = Release|x64
		{03E63301-9F94-405A-B552-145B73C04560}.Release|Any CPU.Deploy.0 = Release|x64
		{03E63301-9F94-405A-B552-145B73C04560}.Release|arm64.ActiveCfg = Release|arm64
		{03E63301-9F94-405A-B552-145B73C04560}.Release|arm64.Build.0 = Release|arm64
		{03E63301-9F94-405A-B552-145B73C04560}.Release|arm64.Deploy.0 = Release|arm64
		{03E63301-9F94-405A-B552-145B73C04560}.Release|x64.ActiveCfg = Release|x64
		{03E63301-9F94-405A-B552-145B73C04560}.Release|x64.Build.0 = Release|x64
		{03E63301-9F94-405A-B552-145B73C04560}.Release|x64.Deploy.0 = Release|x64
		{03E63301-9F94-405A-B552-145B73C04560}.Release|x86.ActiveCfg = Release|x86
		{03E63301-9F94-405A-B552-145B73C04560}.Release|x86.Build.0 = Release|x86
		{03E63301-9F94-405A-B552-145B73C04560}.Release|x86.Deploy.0 = Release|x86
	EndGlobalSection
	GlobalSection(SolutionProperties) = preSolution
		HideSolutionNode = FALSE
	EndGlobalSection
	GlobalSection(ExtensibilityGlobals) = postSolution
		SolutionGuid = {A79A9B90-2358-46C6-A3E7-E65AFEAB3EB7}
	EndGlobalSection
	GlobalSection(SharedMSBuildProjectFiles) = preSolution
		ModernUwpDesigner.Shared\ModernUwpDesigner.Shared.projitems*{92366324-e39a-4ec4-97be-75961d6933e7}*SharedItemsImports = 4
		ModernUwpDesigner.Shared\ModernUwpDesigner.Shared.projitems*{94b68519-d6fb-431f-acaa-39e657cacc1a}*SharedItemsImports = 13
	EndGlobalSection
EndGlobal
